// !$*UTF8*$!
{
	archiveVersion = 1;
	classes = {
	};
	objectVersion = 50;
	objects = {

/* Begin PBXBuildFile section */
		9B1D22B8210D23B700BB3025 /* main.swift in Sources */ = {isa = PBXBuildFile; fileRef = 9B1D22B7210D23B700BB3025 /* main.swift */; };
		9B1D22BF210D243400BB3025 /* Passenger.swift in Sources */ = {isa = PBXBuildFile; fileRef = 9B1D22BE210D243400BB3025 /* Passenger.swift */; };
		9B1D22C1210D246100BB3025 /* Employee.swift in Sources */ = {isa = PBXBuildFile; fileRef = 9B1D22C0210D246100BB3025 /* Employee.swift */; };
		9B1D22C3210D2AA600BB3025 /* PlaneType.swift in Sources */ = {isa = PBXBuildFile; fileRef = 9B1D22C2210D2AA600BB3025 /* PlaneType.swift */; };
		9B1D22C5210D2ADA00BB3025 /* AirLine.swift in Sources */ = {isa = PBXBuildFile; fileRef = 9B1D22C4210D2ADA00BB3025 /* AirLine.swift */; };
		9B1D22C9210D2B6E00BB3025 /* Protocols.swift in Sources */ = {isa = PBXBuildFile; fileRef = 9B1D22C8210D2B6E00BB3025 /* Protocols.swift */; };
		9B1D22CB210D2C8800BB3025 /* Util.swift in Sources */ = {isa = PBXBuildFile; fileRef = 9B1D22CA210D2C8800BB3025 /* Util.swift */; };
		9BE66DF0210F94BC00951845 /* DataHelper.swift in Sources */ = {isa = PBXBuildFile; fileRef = 9BE66DEF210F94BC00951845 /* DataHelper.swift */; };
		9BE66DF2210F950800951845 /* FlightClass.swift in Sources */ = {isa = PBXBuildFile; fileRef = 9BE66DF1210F950800951845 /* FlightClass.swift */; };
		9BE66DF4210F956300951845 /* Enumeration.swift in Sources */ = {isa = PBXBuildFile; fileRef = 9BE66DF3210F956300951845 /* Enumeration.swift */; };
		9BE66DF6210FB9FA00951845 /* Reservation.swift in Sources */ = {isa = PBXBuildFile; fileRef = 9BE66DF5210FB9FA00951845 /* Reservation.swift */; };
/* End PBXBuildFile section */

/* Begin PBXCopyFilesBuildPhase section */
		9B1D22B2210D23B700BB3025 /* CopyFiles */ = {
			isa = PBXCopyFilesBuildPhase;
			buildActionMask = 2147483647;
			dstPath = /usr/share/man/man1/;
			dstSubfolderSpec = 0;
			files = (
			);
			runOnlyForDeploymentPostprocessing = 1;
		};
/* End PBXCopyFilesBuildPhase section */

/* Begin PBXFileReference section */
		9B1D22B4210D23B700BB3025 /* AirlineReservation */ = {isa = PBXFileReference; explicitFileType = "compiled.mach-o.executable"; includeInIndex = 0; path = AirlineReservation; sourceTree = BUILT_PRODUCTS_DIR; };
		9B1D22B7210D23B700BB3025 /* main.swift */ = {isa = PBXFileReference; lastKnownFileType = sourcecode.swift; path = main.swift; sourceTree = "<group>"; };
		9B1D22BE210D243400BB3025 /* Passenger.swift */ = {isa = PBXFileReference; lastKnownFileType = sourcecode.swift; path = Passenger.swift; sourceTree = "<group>"; };
		9B1D22C0210D246100BB3025 /* Employee.swift */ = {isa = PBXFileReference; lastKnownFileType = sourcecode.swift; path = Employee.swift; sourceTree = "<group>"; };
		9B1D22C2210D2AA600BB3025 /* PlaneType.swift */ = {isa = PBXFileReference; lastKnownFileType = sourcecode.swift; path = PlaneType.swift; sourceTree = "<group>"; };
		9B1D22C4210D2ADA00BB3025 /* AirLine.swift */ = {isa = PBXFileReference; lastKnownFileType = sourcecode.swift; path = AirLine.swift; sourceTree = "<group>"; };
		9B1D22C8210D2B6E00BB3025 /* Protocols.swift */ = {isa = PBXFileReference; lastKnownFileType = sourcecode.swift; path = Protocols.swift; sourceTree = "<group>"; };
		9B1D22CA210D2C8800BB3025 /* Util.swift */ = {isa = PBXFileReference; lastKnownFileType = sourcecode.swift; path = Util.swift; sourceTree = "<group>"; };
		9BE66DEF210F94BC00951845 /* DataHelper.swift */ = {isa = PBXFileReference; lastKnownFileType = sourcecode.swift; name = DataHelper.swift; path = AirLineReservation/DataHelper.swift; sourceTree = SOURCE_ROOT; };
		9BE66DF1210F950800951845 /* FlightClass.swift */ = {isa = PBXFileReference; lastKnownFileType = sourcecode.swift; path = FlightClass.swift; sourceTree = "<group>"; };
		9BE66DF3210F956300951845 /* Enumeration.swift */ = {isa = PBXFileReference; lastKnownFileType = sourcecode.swift; path = Enumeration.swift; sourceTree = "<group>"; };
		9BE66DF5210FB9FA00951845 /* Reservation.swift */ = {isa = PBXFileReference; lastKnownFileType = sourcecode.swift; path = Reservation.swift; sourceTree = "<group>"; };
/* End PBXFileReference section */

/* Begin PBXFrameworksBuildPhase section */
		9B1D22B1210D23B700BB3025 /* Frameworks */ = {
			isa = PBXFrameworksBuildPhase;
			buildActionMask = 2147483647;
			files = (
			);
			runOnlyForDeploymentPostprocessing = 0;
		};
/* End PBXFrameworksBuildPhase section */

/* Begin PBXGroup section */
		9B1D22AB210D23B700BB3025 = {
			isa = PBXGroup;
			children = (
				9B1D22B6210D23B700BB3025 /* AirlineReservation */,
				9B1D22B5210D23B700BB3025 /* Products */,
			);
			sourceTree = "<group>";
		};
		9B1D22B5210D23B700BB3025 /* Products */ = {
			isa = PBXGroup;
			children = (
				9B1D22B4210D23B700BB3025 /* AirlineReservation */,
			);
			name = Products;
			sourceTree = "<group>";
		};
		9B1D22B6210D23B700BB3025 /* AirlineReservation */ = {
			isa = PBXGroup;
			children = (
				9B1D22B7210D23B700BB3025 /* main.swift */,
				9B1D22BE210D243400BB3025 /* Passenger.swift */,
				9B1D22C0210D246100BB3025 /* Employee.swift */,
				9B1D22C2210D2AA600BB3025 /* PlaneType.swift */,
				9B1D22C4210D2ADA00BB3025 /* AirLine.swift */,
				9B1D22C8210D2B6E00BB3025 /* Protocols.swift */,
				9B1D22CA210D2C8800BB3025 /* Util.swift */,
				9BE66DEF210F94BC00951845 /* DataHelper.swift */,
				9BE66DF1210F950800951845 /* FlightClass.swift */,
				9BE66DF3210F956300951845 /* Enumeration.swift */,
				9BE66DF5210FB9FA00951845 /* Reservation.swift */,
			);
			path = AirlineReservation;
			sourceTree = "<group>";
		};
/* End PBXGroup section */

/* Begin PBXNativeTarget section */
		9B1D22B3210D23B700BB3025 /* AirlineReservation */ = {
			isa = PBXNativeTarget;
			buildConfigurationList = 9B1D22BB210D23B700BB3025 /* Build configuration list for PBXNativeTarget "AirlineReservation" */;
			buildPhases = (
				9B1D22B0210D23B700BB3025 /* Sources */,
				9B1D22B1210D23B700BB3025 /* Frameworks */,
				9B1D22B2210D23B700BB3025 /* CopyFiles */,
			);
			buildRules = (
			);
			dependencies = (
			);
			name = AirlineReservation;
			productName = AirlineReservation;
			productReference = 9B1D22B4210D23B700BB3025 /* AirlineReservation */;
			productType = "com.apple.product-type.tool";
		};
/* End PBXNativeTarget section */

/* Begin PBXProject section */
		9B1D22AC210D23B700BB3025 /* Project object */ = {
			isa = PBXProject;
			attributes = {
				LastSwiftUpdateCheck = 0930;
				LastUpgradeCheck = 0930;
				ORGANIZATIONNAME = MacStudent;
				TargetAttributes = {
					9B1D22B3210D23B700BB3025 = {
						CreatedOnToolsVersion = 9.3;
					};
				};
			};
			buildConfigurationList = 9B1D22AF210D23B700BB3025 /* Build configuration list for PBXProject "AirLineReservation" */;
			compatibilityVersion = "Xcode 9.3";
			developmentRegion = en;
			hasScannedForEncodings = 0;
			knownRegions = (
				en,
			);
			mainGroup = 9B1D22AB210D23B700BB3025;
			productRefGroup = 9B1D22B5210D23B700BB3025 /* Products */;
			projectDirPath = "";
			projectRoot = "";
			targets = (
				9B1D22B3210D23B700BB3025 /* AirlineReservation */,
			);
		};
/* End PBXProject section */

/* Begin PBXSourcesBuildPhase section */
		9B1D22B0210D23B700BB3025 /* Sources */ = {
			isa = PBXSourcesBuildPhase;
			buildActionMask = 2147483647;
			files = (
				9BE66DF0210F94BC00951845 /* DataHelper.swift in Sources */,
				9BE66DF4210F956300951845 /* Enumeration.swift in Sources */,
				9B1D22C3210D2AA600BB3025 /* PlaneType.swift in Sources */,
				9BE66DF6210FB9FA00951845 /* Reservation.swift in Sources */,
				9B1D22C5210D2ADA00BB3025 /* AirLine.swift in Sources */,
				9B1D22C9210D2B6E00BB3025 /* Protocols.swift in Sources */,
				9B1D22CB210D2C8800BB3025 /* Util.swift in Sources */,
				9B1D22BF210D243400BB3025 /* Passenger.swift in Sources */,
				9B1D22C1210D246100BB3025 /* Employee.swift in Sources */,
				9B1D22B8210D23B700BB3025 /* main.swift in Sources */,
				9BE66DF2210F950800951845 /* FlightClass.swift in Sources */,
			);
			runOnlyForDeploymentPostprocessing = 0;
		};
/* End PBXSourcesBuildPhase section */

/* Begin XCBuildConfiguration section */
		9B1D22B9210D23B700BB3025 /* Debug */ = {
			isa = XCBuildConfiguration;
			buildSettings = {
				ALWAYS_SEARCH_USER_PATHS = NO;
				CLANG_ANALYZER_NONNULL = YES;
				CLANG_ANALYZER_NUMBER_OBJECT_CONVERSION = YES_AGGRESSIVE;
				CLANG_CXX_LANGUAGE_STANDARD = "gnu++14";
				CLANG_CXX_LIBRARY = "libc++";
				CLANG_ENABLE_MODULES = YES;
				CLANG_ENABLE_OBJC_ARC = YES;
				CLANG_ENABLE_OBJC_WEAK = YES;
				CLANG_WARN_BLOCK_CAPTURE_AUTORELEASING = YES;
				CLANG_WARN_BOOL_CONVERSION = YES;
				CLANG_WARN_COMMA = YES;
				CLANG_WARN_CONSTANT_CONVERSION = YES;
				CLANG_WARN_DEPRECATED_OBJC_IMPLEMENTATIONS = YES;
				CLANG_WARN_DIRECT_OBJC_ISA_USAGE = YES_ERROR;
				CLANG_WARN_DOCUMENTATION_COMMENTS = YES;
				CLANG_WARN_EMPTY_BODY = YES;
				CLANG_WARN_ENUM_CONVERSION = YES;
				CLANG_WARN_INFINITE_RECURSION = YES;
				CLANG_WARN_INT_CONVERSION = YES;
				CLANG_WARN_NON_LITERAL_NULL_CONVERSION = YES;
				CLANG_WARN_OBJC_IMPLICIT_RETAIN_SELF = YES;
				CLANG_WARN_OBJC_LITERAL_CONVERSION = YES;
				CLANG_WARN_OBJC_ROOT_CLASS = YES_ERROR;
				CLANG_WARN_RANGE_LOOP_ANALYSIS = YES;
				CLANG_WARN_STRICT_PROTOTYPES = YES;
				CLANG_WARN_SUSPICIOUS_MOVE = YES;
				CLANG_WARN_UNGUARDED_AVAILABILITY = YES_AGGRESSIVE;
				CLANG_WARN_UNREACHABLE_CODE = YES;
				CLANG_WARN__DUPLICATE_METHOD_MATCH = YES;
				CODE_SIGN_IDENTITY = "-";
				COPY_PHASE_STRIP = NO;
				DEBUG_INFORMATION_FORMAT = dwarf;
				ENABLE_STRICT_OBJC_MSGSEND = YES;
				ENABLE_TESTABILITY = YES;
				GCC_C_LANGUAGE_STANDARD = gnu11;
				GCC_DYNAMIC_NO_PIC = NO;
				GCC_NO_COMMON_BLOCKS = YES;
				GCC_OPTIMIZATION_LEVEL = 0;
				GCC_PREPROCESSOR_DEFINITIONS = (
					"DEBUG=1",
					"$(inherited)",
				);
				GCC_WARN_64_TO_32_BIT_CONVERSION = YES;
				GCC_WARN_ABOUT_RETURN_TYPE = YES_ERROR;
				GCC_WARN_UNDECLARED_SELECTOR = YES;
				GCC_WARN_UNINITIALIZED_AUTOS = YES_AGGRESSIVE;
				GCC_WARN_UNUSED_FUNCTION = YES;
				GCC_WARN_UNUSED_VARIABLE = YES;
				MACOSX_DEPLOYMENT_TARGET = 10.13;
				MTL_ENABLE_DEBUG_INFO = YES;
				ONLY_ACTIVE_ARCH = YES;
				SDKROOT = macosx;
				SWIFT_ACTIVE_COMPILATION_CONDITIONS = DEBUG;
				SWIFT_OPTIMIZATION_LEVEL = "-Onone";
			};
			name = Debug;
		};
		9B1D22BA210D23B700BB3025 /* Release */ = {
			isa = XCBuildConfiguration;
			buildSettings = {
				ALWAYS_SEARCH_USER_PATHS = NO;
				CLANG_ANALYZER_NONNULL = YES;
				CLANG_ANALYZER_NUMBER_OBJECT_CONVERSION = YES_AGGRESSIVE;
				CLANG_CXX_LANGUAGE_STANDARD = "gnu++14";
				CLANG_CXX_LIBRARY = "libc++";
				CLANG_ENABLE_MODULES = YES;
				CLANG_ENABLE_OBJC_ARC = YES;
				CLANG_ENABLE_OBJC_WEAK = YES;
				CLANG_WARN_BLOCK_CAPTURE_AUTORELEASING = YES;
				CLANG_WARN_BOOL_CONVERSION = YES;
				CLANG_WARN_COMMA = YES;
				CLANG_WARN_CONSTANT_CONVERSION = YES;
				CLANG_WARN_DEPRECATED_OBJC_IMPLEMENTATIONS = YES;
				CLANG_WARN_DIRECT_OBJC_ISA_USAGE = YES_ERROR;
				CLANG_WARN_DOCUMENTATION_COMMENTS = YES;
				CLANG_WARN_EMPTY_BODY = YES;
				CLANG_WARN_ENUM_CONVERSION = YES;
				CLANG_WARN_INFINITE_RECURSION = YES;
				CLANG_WARN_INT_CONVERSION = YES;
				CLANG_WARN_NON_LITERAL_NULL_CONVERSION = YES;
				CLANG_WARN_OBJC_IMPLICIT_RETAIN_SELF = YES;
				CLANG_WARN_OBJC_LITERAL_CONVERSION = YES;
				CLANG_WARN_OBJC_ROOT_CLASS = YES_ERROR;
				CLANG_WARN_RANGE_LOOP_ANALYSIS = YES;
				CLANG_WARN_STRICT_PROTOTYPES = YES;
				CLANG_WARN_SUSPICIOUS_MOVE = YES;
				CLANG_WARN_UNGUARDED_AVAILABILITY = YES_AGGRESSIVE;
				CLANG_WARN_UNREACHABLE_CODE = YES;
				CLANG_WARN__DUPLICATE_METHOD_MATCH = YES;
				CODE_SIGN_IDENTITY = "-";
				COPY_PHASE_STRIP = NO;
				DEBUG_INFORMATION_FORMAT = "dwarf-with-dsym";
				ENABLE_NS_ASSERTIONS = NO;
				ENABLE_STRICT_OBJC_MSGSEND = YES;
				GCC_C_LANGUAGE_STANDARD = gnu11;
				GCC_NO_COMMON_BLOCKS = YES;
				GCC_WARN_64_TO_32_BIT_CONVERSION = YES;
				GCC_WARN_ABOUT_RETURN_TYPE = YES_ERROR;
				GCC_WARN_UNDECLARED_SELECTOR = YES;
				GCC_WARN_UNINITIALIZED_AUTOS = YES_AGGRESSIVE;
				GCC_WARN_UNUSED_FUNCTION = YES;
				GCC_WARN_UNUSED_VARIABLE = YES;
				MACOSX_DEPLOYMENT_TARGET = 10.13;
				MTL_ENABLE_DEBUG_INFO = NO;
				SDKROOT = macosx;
				SWIFT_COMPILATION_MODE = wholemodule;
				SWIFT_OPTIMIZATION_LEVEL = "-O";
			};
			name = Release;
		};
		9B1D22BC210D23B700BB3025 /* Debug */ = {
			isa = XCBuildConfiguration;
			buildSettings = {
				CODE_SIGN_STYLE = Automatic;
				PRODUCT_NAME = "$(TARGET_NAME)";
				SWIFT_VERSION = 4.0;
			};
			name = Debug;
		};
		9B1D22BD210D23B700BB3025 /* Release */ = {
			isa = XCBuildConfiguration;
			buildSettings = {
				CODE_SIGN_STYLE = Automatic;
				PRODUCT_NAME = "$(TARGET_NAME)";
				SWIFT_VERSION = 4.0;
			};
			name = Release;
		};
/* End XCBuildConfiguration section */

/* Begin XCConfigurationList section */
		9B1D22AF210D23B700BB3025 /* Build configuration list for PBXProject "AirLineReservation" */ = {
			isa = XCConfigurationList;
			buildConfigurations = (
				9B1D22B9210D23B700BB3025 /* Debug */,
				9B1D22BA210D23B700BB3025 /* Release */,
			);
			defaultConfigurationIsVisible = 0;
			defaultConfigurationName = Release;
		};
		9B1D22BB210D23B700BB3025 /* Build configuration list for PBXNativeTarget "AirlineReservation" */ = {
			isa = XCConfigurationList;
			buildConfigurations = (
				9B1D22BC210D23B700BB3025 /* Debug */,
				9B1D22BD210D23B700BB3025 /* Release */,
			);
			defaultConfigurationIsVisible = 0;
			defaultConfigurationName = Release;
		};
/* End XCConfigurationList section */
	};
	rootObject = 9B1D22AC210D23B700BB3025 /* Project object */;
}
